{
  "name": "comp90049-project-1",
  "version": "1.0.0",
  "lockfileVersion": 1,
  "requires": true,
  "dependencies": {
    "edit-distance": {
      "version": "1.0.1",
      "resolved": "https://registry.npmjs.org/edit-distance/-/edit-distance-1.0.1.tgz",
      "integrity": "sha1-NOcD5mYEkWn0prBoDrt+3SIDVAs="
    },
    "n-gram": {
      "version": "1.0.1",
      "resolved": "https://registry.npmjs.org/n-gram/-/n-gram-1.0.1.tgz",
      "integrity": "sha1-0ppGXk3rz/f57tn7V9nabIBvQRI="
    }
  }
}
